
Microsoft Visual Studio Solution File, Format Version 12.00
# Visual Studio Version 17
VisualStudioVersion = 17.4.33213.308
MinimumVisualStudioVersion = 10.0.40219.1
Project("{9A19103F-16F7-4668-BE54-9A1E7A4F7556}") = "BlazorApp.API", "BlazorApp.API\BlazorApp.API.csproj", "{FF50DF0D-26CA-4C64-8C7B-DE6AFF02648C}"
EndProject
Project("{9A19103F-16F7-4668-BE54-9A1E7A4F7556}") = "BlazorApp.Server", "BlazorApp.Server\BlazorApp.Server.csproj", "{CF5B2A74-C41C-46FB-A842-CAE92E741EDA}"
EndProject
Global
	GlobalSection(SolutionConfigurationPlatforms) = preSolution
		Debug|Any CPU = Debug|Any CPU
		Release|Any CPU = Release|Any CPU
	EndGlobalSection
	GlobalSection(ProjectConfigurationPlatforms) = postSolution
		{FF50DF0D-26CA-4C64-8C7B-DE6AFF02648C}.Debug|Any CPU.ActiveCfg = Debug|Any CPU
		{FF50DF0D-26CA-4C64-8C7B-DE6AFF02648C}.Debug|Any CPU.Build.0 = Debug|Any CPU
		{FF50DF0D-26CA-4C64-8C7B-DE6AFF02648C}.Release|Any CPU.ActiveCfg = Release|Any CPU
		{FF50DF0D-26CA-4C64-8C7B-DE6AFF02648C}.Release|Any CPU.Build.0 = Release|Any CPU
		{CF5B2A74-C41C-46FB-A842-CAE92E741EDA}.Debug|Any CPU.ActiveCfg = Debug|Any CPU
		{CF5B2A74-C41C-46FB-A842-CAE92E741EDA}.Debug|Any CPU.Build.0 = Debug|Any CPU
		{CF5B2A74-C41C-46FB-A842-CAE92E741EDA}.Release|Any CPU.ActiveCfg = Release|Any CPU
		{CF5B2A74-C41C-46FB-A842-CAE92E741EDA}.Release|Any CPU.Build.0 = Release|Any CPU
	EndGlobalSection
	GlobalSection(SolutionProperties) = preSolution
		HideSolutionNode = FALSE
	EndGlobalSection
	GlobalSection(ExtensibilityGlobals) = postSolution
		SolutionGuid = {279B114A-116D-4EBE-B58A-6081972FA4BC}
	EndGlobalSection
EndGlobal
